
Microsoft Visual Studio Solution File, Format Version 12.00
# Visual Studio Version 16
VisualStudioVersion = 16.0.29209.62
MinimumVisualStudioVersion = 10.0.40219.1
Project("{FAE04EC0-301F-11D3-BF4B-00C04F79EFBC}") = "InheritanceCompositionExercise", "InheritanceCompositionExercise\InheritanceCompositionExercise.csproj", "{F5951C8B-4449-45A3-A8BC-7FE4AF09BC93}"
EndProject
Global
	GlobalSection(SolutionConfigurationPlatforms) = preSolution
		Debug|Any CPU = Debug|Any CPU
		Release|Any CPU = Release|Any CPU
	EndGlobalSection
	GlobalSection(ProjectConfigurationPlatforms) = postSolution
		{F5951C8B-4449-45A3-A8BC-7FE4AF09BC93}.Debug|Any CPU.ActiveCfg = Debug|Any CPU
		{F5951C8B-4449-45A3-A8BC-7FE4AF09BC93}.Debug|Any CPU.Build.0 = Debug|Any CPU
		{F5951C8B-4449-45A3-A8BC-7FE4AF09BC93}.Release|Any CPU.ActiveCfg = Release|Any CPU
		{F5951C8B-4449-45A3-A8BC-7FE4AF09BC93}.Release|Any CPU.Build.0 = Release|Any CPU
	EndGlobalSection
	GlobalSection(SolutionProperties) = preSolution
		HideSolutionNode = FALSE
	EndGlobalSection
	GlobalSection(ExtensibilityGlobals) = postSolution
		SolutionGuid = {9CE0DC6D-87A8-4B2C-A75F-8E9765ACD4CF}
	EndGlobalSection
EndGlobal
